
Microsoft Visual Studio Solution File, Format Version 12.00
# Visual Studio Version 17
VisualStudioVersion = 17.4.33122.133
MinimumVisualStudioVersion = 10.0.40219.1
Project("{FAE04EC0-301F-11D3-BF4B-00C04F79EFBC}") = "WebApplication1", "WebApplication1\WebApplication1.csproj", "{6864939D-AE7D-4748-93D3-E926A1ECAD3F}"
EndProject
Global
	GlobalSection(SolutionConfigurationPlatforms) = preSolution
		Debug|Any CPU = Debug|Any CPU
		Release|Any CPU = Release|Any CPU
	EndGlobalSection
	GlobalSection(ProjectConfigurationPlatforms) = postSolution
		{6864939D-AE7D-4748-93D3-E926A1ECAD3F}.Debug|Any CPU.ActiveCfg = Debug|Any CPU
		{6864939D-AE7D-4748-93D3-E926A1ECAD3F}.Debug|Any CPU.Build.0 = Debug|Any CPU
		{6864939D-AE7D-4748-93D3-E926A1ECAD3F}.Release|Any CPU.ActiveCfg = Release|Any CPU
		{6864939D-AE7D-4748-93D3-E926A1ECAD3F}.Release|Any CPU.Build.0 = Release|Any CPU
	EndGlobalSection
	GlobalSection(SolutionProperties) = preSolution
		HideSolutionNode = FALSE
	EndGlobalSection
	GlobalSection(ExtensibilityGlobals) = postSolution
		SolutionGuid = {E4D7D810-A038-4FBC-944C-6783038D4EB0}
	EndGlobalSection
EndGlobal
